<?xml version="1.0" encoding="utf-8"?>
<Project ToolsVersion="4.0" xmlns="http://schemas.microsoft.com/developer/msbuild/2003">
  <ItemGroup>
    <Filter Include="Source Files">
      <UniqueIdentifier>{4FC737F1-C7A5-4376-A066-2A32D752A2FF}</UniqueIdentifier>
      <Extensions>cpp;c;cc;cxx;def;odl;idl;hpj;bat;asm;asmx</Extensions>
    </Filter>
    <Filter Include="Header Files">
      <UniqueIdentifier>{93995380-89BD-4b04-88EB-625FBE52EBFB}</UniqueIdentifier>
      <Extensions>h;hh;hpp;hxx;hm;inl;inc;xsd</Extensions>
    </Filter>
    <Filter Include="Resource Files">
      <UniqueIdentifier>{67DA6AB6-F800-4c08-8B7A-83BB121AAD01}</UniqueIdentifier>
      <Extensions>rc;ico;cur;bmp;dlg;rc2;rct;bin;rgs;gif;jpg;jpeg;jpe;resx;tiff;tif;png;wav</Extensions>
    </Filter>
  </ItemGroup>
  <ItemGroup>
    <ClCompile Include="Brain.cpp">
      <Filter>Source Files</Filter>
    </ClCompile>
    <ClCompile Include="main.cpp">
      <Filter>Source Files</Filter>
    </ClCompile>
    <ClCompile Include="ai_mode\AI_MODE.cpp">
      <Filter>Source Files</Filter>
    </ClCompile>
    <ClCompile Include="board\board_and_tiles\board_and_tiles\Board.cpp">
      <Filter>Source Files</Filter>
    </ClCompile>
    <ClCompile Include="board\board_and_tiles\board_and_tiles\BoardCommunication.cpp">
      <Filter>Source Files</Filter>
    </ClCompile>
    <ClCompile Include="board\board_and_tiles\board_and_tiles\BoardMask.cpp">
      <Filter>Source Files</Filter>
    </ClCompile>
    <ClCompile Include="board\board_and_tiles\board_and_tiles\Tiles.cpp">
      <Filter>Source Files</Filter>
    </ClCompile>
    <ClCompile Include="movegeneration\Gaddag.cpp">
      <Filter>Source Files</Filter>
    </ClCompile>
    <ClCompile Include="movegeneration\LoadGaddag.cpp">
      <Filter>Source Files</Filter>
    </ClCompile>
    <ClCompile Include="movegeneration\LoadNode.cpp">
      <Filter>Source Files</Filter>
    </ClCompile>
    <ClCompile Include="movegeneration\MoveGenerate.cpp">
      <Filter>Source Files</Filter>
    </ClCompile>
    <ClCompile Include="movegeneration\TestGaddag.cpp">
      <Filter>Source Files</Filter>
    </ClCompile>
    <ClCompile Include="opponent-rack-generator\Opponent.cpp">
      <Filter>Source Files</Filter>
    </ClCompile>
    <ClCompile Include="sharedclasses\BoardCommunicator.cpp">
      <Filter>Source Files</Filter>
    </ClCompile>
    <ClCompile Include="sharedclasses\Game_Evaluator.cpp">
      <Filter>Source Files</Filter>
    </ClCompile>
    <ClCompile Include="sharedclasses\Logger.cpp">
      <Filter>Source Files</Filter>
    </ClCompile>
    <ClCompile Include="sharedclasses\MCTreeNode.cpp">
      <Filter>Source Files</Filter>
    </ClCompile>
    <ClCompile Include="sharedclasses\MCTSearch.cpp">
      <Filter>Source Files</Filter>
    </ClCompile>
    <ClCompile Include="sharedclasses\Move.cpp">
      <Filter>Source Files</Filter>
    </ClCompile>
    <ClCompile Include="sharedclasses\TrainerComm.cpp">
      <Filter>Source Files</Filter>
    </ClCompile>
    <ClCompile Include="trainermode\AI_AI.cpp">
      <Filter>Source Files</Filter>
    </ClCompile>
    <ClCompile Include="trainermode\AI_Human.cpp">
      <Filter>Source Files</Filter>
    </ClCompile>
    <ClCompile Include="trainermode\RackOfTiles.cpp">
      <Filter>Source Files</Filter>
    </ClCompile>
    <ClCompile Include="trainermode\Timer.cpp">
      <Filter>Source Files</Filter>
    </ClCompile>
  </ItemGroup>
  <ItemGroup>
    <ClInclude Include="Brain.hpp">
      <Filter>Header Files</Filter>
    </ClInclude>
    <ClInclude Include="Definitions.hpp">
      <Filter>Header Files</Filter>
    </ClInclude>
    <ClInclude Include="ai_mode\AI_MODE.hpp">
      <Filter>Header Files</Filter>
    </ClInclude>
    <ClInclude Include="board\board_and_tiles\board_and_tiles\Board.h">
      <Filter>Header Files</Filter>
    </ClInclude>
    <ClInclude Include="board\board_and_tiles\board_and_tiles\BoardCommunication.h">
      <Filter>Header Files</Filter>
    </ClInclude>
    <ClInclude Include="board\board_and_tiles\board_and_tiles\BoardConst.h">
      <Filter>Header Files</Filter>
    </ClInclude>
    <ClInclude Include="board\board_and_tiles\board_and_tiles\BoardMask.h">
      <Filter>Header Files</Filter>
    </ClInclude>
    <ClInclude Include="board\board_and_tiles\board_and_tiles\Tiles.h">
      <Filter>Header Files</Filter>
    </ClInclude>
    <ClInclude Include="guiinterface\GuiInterface.hpp">
      <Filter>Header Files</Filter>
    </ClInclude>
    <ClInclude Include="movegeneration\Gaddag.h">
      <Filter>Header Files</Filter>
    </ClInclude>
    <ClInclude Include="movegeneration\LoadGaddag.h">
      <Filter>Header Files</Filter>
    </ClInclude>
    <ClInclude Include="movegeneration\LoadNode.h">
      <Filter>Header Files</Filter>
    </ClInclude>
    <ClInclude Include="movegeneration\MoveGenerate.h">
      <Filter>Header Files</Filter>
    </ClInclude>
    <ClInclude Include="opponent-rack-generator\Opponent.h">
      <Filter>Header Files</Filter>
    </ClInclude>
    <ClInclude Include="sharedclasses\MCTreeNode.h">
      <Filter>Header Files</Filter>
    </ClInclude>
    <ClInclude Include="sharedclasses\MCTSearch.h">
      <Filter>Header Files</Filter>
    </ClInclude>
    <ClInclude Include="sharedclasses\BoardCommunicator.hpp">
      <Filter>Header Files</Filter>
    </ClInclude>
    <ClInclude Include="sharedclasses\Game_Evaluator.hpp">
      <Filter>Header Files</Filter>
    </ClInclude>
    <ClInclude Include="sharedclasses\Logger.hpp">
      <Filter>Header Files</Filter>
    </ClInclude>
    <ClInclude Include="sharedclasses\Move.hpp">
      <Filter>Header Files</Filter>
    </ClInclude>
    <ClInclude Include="sharedclasses\TrainerComm.hpp">
      <Filter>Header Files</Filter>
    </ClInclude>
    <ClInclude Include="trainermode\AI_AI.hpp">
      <Filter>Header Files</Filter>
    </ClInclude>
    <ClInclude Include="trainermode\AI_Human.hpp">
      <Filter>Header Files</Filter>
    </ClInclude>
    <ClInclude Include="trainermode\RackOfTiles.hpp">
      <Filter>Header Files</Filter>
    </ClInclude>
    <ClInclude Include="trainermode\Timer.hpp">
      <Filter>Header Files</Filter>
    </ClInclude>
    <ClInclude Include="trainermode\Trainer.hpp">
      <Filter>Header Files</Filter>
    </ClInclude>
  </ItemGroup>
</Project>